PODS:
  - DSUnixTask/Core (0.1.1):
    - DSUnixTask/Core/TaskManagers
    - DSUnixTask/Core/TaskRunner
    - DSUnixTask/Core/Tasks
  - DSUnixTask/Core/TaskManagers (0.1.1)
  - DSUnixTask/Core/TaskRunner (0.1.1)
  - DSUnixTask/Core/Tasks (0.1.1)
  - KSCrypto (1.2.2)
  - LibYAML (0.1.4)
  - YAML-Framework (0.0.1):
    - LibYAML (~> 0.1.4)

DEPENDENCIES:
  - DSUnixTask/Core (= 0.1.1)
  - KSCrypto (~> 1.2.2)
  - YAML-Framework (from `https://github.com/ricobeck/YAML.framework.git`)

EXTERNAL SOURCES:
  YAML-Framework:
    :git: https://github.com/ricobeck/YAML.framework.git

SPEC CHECKSUMS:
  DSUnixTask: 793680a761ec9908b61a049a6cdc8a631ff8b076
  KSCrypto: f010e3bb8db23f1bb4fe30b18c0236477d0d6270
  LibYAML: bf5d90eb17ab8006db821c000d68c1debf2a6ba8
  YAML-Framework: 2bd865885aeb3152c32d30a657ad4a38da6aa804

COCOAPODS: 0.28.0
